
Microsoft Visual Studio Solution File, Format Version 12.00
# Visual Studio Version 17
VisualStudioVersion = 17.9.34622.214
MinimumVisualStudioVersion = 10.0.40219.1
Project("{FAE04EC0-301F-11D3-BF4B-00C04F79EFBC}") = "MyApiProject", "MyApiProject.csproj", "{A2DAC018-3267-4224-BDE9-7DEE1F0F4C2A}"
EndProject
Global
	GlobalSection(SolutionConfigurationPlatforms) = preSolution
		Debug|Any CPU = Debug|Any CPU
		Release|Any CPU = Release|Any CPU
	EndGlobalSection
	GlobalSection(ProjectConfigurationPlatforms) = postSolution
		{A2DAC018-3267-4224-BDE9-7DEE1F0F4C2A}.Debug|Any CPU.ActiveCfg = Debug|Any CPU
		{A2DAC018-3267-4224-BDE9-7DEE1F0F4C2A}.Debug|Any CPU.Build.0 = Debug|Any CPU
		{A2DAC018-3267-4224-BDE9-7DEE1F0F4C2A}.Release|Any CPU.ActiveCfg = Release|Any CPU
		{A2DAC018-3267-4224-BDE9-7DEE1F0F4C2A}.Release|Any CPU.Build.0 = Release|Any CPU
	EndGlobalSection
	GlobalSection(SolutionProperties) = preSolution
		HideSolutionNode = FALSE
	EndGlobalSection
	GlobalSection(ExtensibilityGlobals) = postSolution
		SolutionGuid = {264896C2-E1ED-4A11-BBC7-6336E6195BF7}
	EndGlobalSection
EndGlobal
